
Microsoft Visual Studio Solution File, Format Version 12.00
# Visual Studio Version 17
VisualStudioVersion = 17.3.32929.385
MinimumVisualStudioVersion = 10.0.40219.1
Project("{FAE04EC0-301F-11D3-BF4B-00C04F79EFBC}") = "Product.API", "Services\Product.API\Product.API.csproj", "{9C6C2E61-628E-B4EB-D1F2-0463FA7FC396}"
EndProject
Project("{FAE04EC0-301F-11D3-BF4B-00C04F79EFBC}") = "WebApiGateway", "ApiGateways\WebApiGateway\WebApiGateway.csproj", "{1D2F58A7-AA94-185D-218E-7FC18079F349}"
EndProject
Project("{FAE04EC0-301F-11D3-BF4B-00C04F79EFBC}") = "Identity.API", "Services\Identity.API\Identity.API.csproj", "{AAA18E17-82C4-494F-9B36-C04DE02360AD}"
EndProject
Project("{FAE04EC0-301F-11D3-BF4B-00C04F79EFBC}") = "Payment.API", "Services\Payment.API\Payment.API.csproj", "{4B820B38-907B-412C-925B-24EB1EA3C797}"
EndProject
Project("{FAE04EC0-301F-11D3-BF4B-00C04F79EFBC}") = "Basket.API", "Services\BasketService\Basket.API\Basket.API.csproj", "{EE9D005B-3A7F-9A7D-5A74-D797566A5D4A}"
EndProject
Project("{FAE04EC0-301F-11D3-BF4B-00C04F79EFBC}") = "Basket.Core", "Services\BasketService\Basket.Core\Basket.Core.csproj", "{3A92D8B9-B56F-083C-43C6-DF392FD837F4}"
EndProject
Project("{FAE04EC0-301F-11D3-BF4B-00C04F79EFBC}") = "Basket.Adapters", "Services\BasketService\Basket.Application\Basket.Adapters.csproj", "{9117B66D-578F-4573-BADB-6FE11CDE5463}"
EndProject
Project("{FAE04EC0-301F-11D3-BF4B-00C04F79EFBC}") = "Basket.Infrastructure", "Services\BasketService\Basket.Infrastructure\Basket.Infrastructure.csproj", "{ACE38C98-74E7-4B08-B0E5-25CA7CD14CC7}"
EndProject
Project("{FAE04EC0-301F-11D3-BF4B-00C04F79EFBC}") = "Basket.Tests", "Services\BasketService\Basket.Tests\Basket.Tests.csproj", "{21F790FC-6C99-49A5-9417-AB2271754876}"
EndProject
Project("{FAE04EC0-301F-11D3-BF4B-00C04F79EFBC}") = "OrderService.WebApi", "Services\OrderService\Order.API\OrderService.WebApi.csproj", "{72883EA1-EA6D-EB81-17D5-9232EA176E1B}"
EndProject
Project("{FAE04EC0-301F-11D3-BF4B-00C04F79EFBC}") = "OrderService.Domain", "Services\OrderService\Order.Core\OrderService.Domain.csproj", "{AD5AD5E6-329B-4791-81A1-2BD84AF88FE6}"
EndProject
Project("{FAE04EC0-301F-11D3-BF4B-00C04F79EFBC}") = "OrderService.Infrastructure", "Services\OrderService\Order.Infrastructure\OrderService.Infrastructure.csproj", "{69C0F65E-D6B7-4B40-A804-439EF94BCD47}"
EndProject
Project("{FAE04EC0-301F-11D3-BF4B-00C04F79EFBC}") = "OrderService.Tests", "Services\OrderService\Order.Tests\OrderService.Tests.csproj", "{F9392B82-B0B9-4B0F-8808-568F56829191}"
EndProject
Project("{FAE04EC0-301F-11D3-BF4B-00C04F79EFBC}") = "OrderService.Application", "Services\OrderService\Order.UseCase\OrderService.Application.csproj", "{83BBA2A9-D027-4C31-B134-BC2B7D3142EB}"
EndProject
Project("{FAE04EC0-301F-11D3-BF4B-00C04F79EFBC}") = "InventoryService.Domain", "Services\InventoryService\InventoryService.Domain\InventoryService.Domain.csproj", "{29F89D98-09F5-416D-885B-CB6E12670EE7}"
EndProject
Global
	GlobalSection(SolutionConfigurationPlatforms) = preSolution
		Debug|Any CPU = Debug|Any CPU
		Release|Any CPU = Release|Any CPU
	EndGlobalSection
	GlobalSection(ProjectConfigurationPlatforms) = postSolution
		{9C6C2E61-628E-B4EB-D1F2-0463FA7FC396}.Debug|Any CPU.ActiveCfg = Debug|Any CPU
		{9C6C2E61-628E-B4EB-D1F2-0463FA7FC396}.Debug|Any CPU.Build.0 = Debug|Any CPU
		{9C6C2E61-628E-B4EB-D1F2-0463FA7FC396}.Release|Any CPU.ActiveCfg = Release|Any CPU
		{9C6C2E61-628E-B4EB-D1F2-0463FA7FC396}.Release|Any CPU.Build.0 = Release|Any CPU
		{1D2F58A7-AA94-185D-218E-7FC18079F349}.Debug|Any CPU.ActiveCfg = Debug|Any CPU
		{1D2F58A7-AA94-185D-218E-7FC18079F349}.Debug|Any CPU.Build.0 = Debug|Any CPU
		{1D2F58A7-AA94-185D-218E-7FC18079F349}.Release|Any CPU.ActiveCfg = Release|Any CPU
		{1D2F58A7-AA94-185D-218E-7FC18079F349}.Release|Any CPU.Build.0 = Release|Any CPU
		{AAA18E17-82C4-494F-9B36-C04DE02360AD}.Debug|Any CPU.ActiveCfg = Debug|Any CPU
		{AAA18E17-82C4-494F-9B36-C04DE02360AD}.Debug|Any CPU.Build.0 = Debug|Any CPU
		{AAA18E17-82C4-494F-9B36-C04DE02360AD}.Release|Any CPU.ActiveCfg = Release|Any CPU
		{AAA18E17-82C4-494F-9B36-C04DE02360AD}.Release|Any CPU.Build.0 = Release|Any CPU
		{4B820B38-907B-412C-925B-24EB1EA3C797}.Debug|Any CPU.ActiveCfg = Debug|Any CPU
		{4B820B38-907B-412C-925B-24EB1EA3C797}.Debug|Any CPU.Build.0 = Debug|Any CPU
		{4B820B38-907B-412C-925B-24EB1EA3C797}.Release|Any CPU.ActiveCfg = Release|Any CPU
		{4B820B38-907B-412C-925B-24EB1EA3C797}.Release|Any CPU.Build.0 = Release|Any CPU
		{EE9D005B-3A7F-9A7D-5A74-D797566A5D4A}.Debug|Any CPU.ActiveCfg = Debug|Any CPU
		{EE9D005B-3A7F-9A7D-5A74-D797566A5D4A}.Debug|Any CPU.Build.0 = Debug|Any CPU
		{EE9D005B-3A7F-9A7D-5A74-D797566A5D4A}.Release|Any CPU.ActiveCfg = Release|Any CPU
		{EE9D005B-3A7F-9A7D-5A74-D797566A5D4A}.Release|Any CPU.Build.0 = Release|Any CPU
		{3A92D8B9-B56F-083C-43C6-DF392FD837F4}.Debug|Any CPU.ActiveCfg = Debug|Any CPU
		{3A92D8B9-B56F-083C-43C6-DF392FD837F4}.Debug|Any CPU.Build.0 = Debug|Any CPU
		{3A92D8B9-B56F-083C-43C6-DF392FD837F4}.Release|Any CPU.ActiveCfg = Release|Any CPU
		{3A92D8B9-B56F-083C-43C6-DF392FD837F4}.Release|Any CPU.Build.0 = Release|Any CPU
		{9117B66D-578F-4573-BADB-6FE11CDE5463}.Debug|Any CPU.ActiveCfg = Debug|Any CPU
		{9117B66D-578F-4573-BADB-6FE11CDE5463}.Debug|Any CPU.Build.0 = Debug|Any CPU
		{9117B66D-578F-4573-BADB-6FE11CDE5463}.Release|Any CPU.ActiveCfg = Release|Any CPU
		{9117B66D-578F-4573-BADB-6FE11CDE5463}.Release|Any CPU.Build.0 = Release|Any CPU
		{ACE38C98-74E7-4B08-B0E5-25CA7CD14CC7}.Debug|Any CPU.ActiveCfg = Debug|Any CPU
		{ACE38C98-74E7-4B08-B0E5-25CA7CD14CC7}.Debug|Any CPU.Build.0 = Debug|Any CPU
		{ACE38C98-74E7-4B08-B0E5-25CA7CD14CC7}.Release|Any CPU.ActiveCfg = Release|Any CPU
		{ACE38C98-74E7-4B08-B0E5-25CA7CD14CC7}.Release|Any CPU.Build.0 = Release|Any CPU
		{21F790FC-6C99-49A5-9417-AB2271754876}.Debug|Any CPU.ActiveCfg = Debug|Any CPU
		{21F790FC-6C99-49A5-9417-AB2271754876}.Debug|Any CPU.Build.0 = Debug|Any CPU
		{21F790FC-6C99-49A5-9417-AB2271754876}.Release|Any CPU.ActiveCfg = Release|Any CPU
		{21F790FC-6C99-49A5-9417-AB2271754876}.Release|Any CPU.Build.0 = Release|Any CPU
		{72883EA1-EA6D-EB81-17D5-9232EA176E1B}.Debug|Any CPU.ActiveCfg = Debug|Any CPU
		{72883EA1-EA6D-EB81-17D5-9232EA176E1B}.Debug|Any CPU.Build.0 = Debug|Any CPU
		{72883EA1-EA6D-EB81-17D5-9232EA176E1B}.Release|Any CPU.ActiveCfg = Release|Any CPU
		{72883EA1-EA6D-EB81-17D5-9232EA176E1B}.Release|Any CPU.Build.0 = Release|Any CPU
		{AD5AD5E6-329B-4791-81A1-2BD84AF88FE6}.Debug|Any CPU.ActiveCfg = Debug|Any CPU
		{AD5AD5E6-329B-4791-81A1-2BD84AF88FE6}.Debug|Any CPU.Build.0 = Debug|Any CPU
		{AD5AD5E6-329B-4791-81A1-2BD84AF88FE6}.Release|Any CPU.ActiveCfg = Release|Any CPU
		{AD5AD5E6-329B-4791-81A1-2BD84AF88FE6}.Release|Any CPU.Build.0 = Release|Any CPU
		{69C0F65E-D6B7-4B40-A804-439EF94BCD47}.Debug|Any CPU.ActiveCfg = Debug|Any CPU
		{69C0F65E-D6B7-4B40-A804-439EF94BCD47}.Debug|Any CPU.Build.0 = Debug|Any CPU
		{69C0F65E-D6B7-4B40-A804-439EF94BCD47}.Release|Any CPU.ActiveCfg = Release|Any CPU
		{69C0F65E-D6B7-4B40-A804-439EF94BCD47}.Release|Any CPU.Build.0 = Release|Any CPU
		{F9392B82-B0B9-4B0F-8808-568F56829191}.Debug|Any CPU.ActiveCfg = Debug|Any CPU
		{F9392B82-B0B9-4B0F-8808-568F56829191}.Debug|Any CPU.Build.0 = Debug|Any CPU
		{F9392B82-B0B9-4B0F-8808-568F56829191}.Release|Any CPU.ActiveCfg = Release|Any CPU
		{F9392B82-B0B9-4B0F-8808-568F56829191}.Release|Any CPU.Build.0 = Release|Any CPU
		{83BBA2A9-D027-4C31-B134-BC2B7D3142EB}.Debug|Any CPU.ActiveCfg = Debug|Any CPU
		{83BBA2A9-D027-4C31-B134-BC2B7D3142EB}.Debug|Any CPU.Build.0 = Debug|Any CPU
		{83BBA2A9-D027-4C31-B134-BC2B7D3142EB}.Release|Any CPU.ActiveCfg = Release|Any CPU
		{83BBA2A9-D027-4C31-B134-BC2B7D3142EB}.Release|Any CPU.Build.0 = Release|Any CPU
		{29F89D98-09F5-416D-885B-CB6E12670EE7}.Debug|Any CPU.ActiveCfg = Debug|Any CPU
		{29F89D98-09F5-416D-885B-CB6E12670EE7}.Debug|Any CPU.Build.0 = Debug|Any CPU
		{29F89D98-09F5-416D-885B-CB6E12670EE7}.Release|Any CPU.ActiveCfg = Release|Any CPU
		{29F89D98-09F5-416D-885B-CB6E12670EE7}.Release|Any CPU.Build.0 = Release|Any CPU
	EndGlobalSection
	GlobalSection(SolutionProperties) = preSolution
		HideSolutionNode = FALSE
	EndGlobalSection
	GlobalSection(ExtensibilityGlobals) = postSolution
		SolutionGuid = {6FCE9FFA-564B-4F93-BD9E-6D0196475C96}
	EndGlobalSection
EndGlobal
